<?xml version="1.0" encoding="utf-8"?>
<Project ToolsVersion="4.0" xmlns="http://schemas.microsoft.com/developer/msbuild/2003">
  <ItemGroup>
    <Filter Include="Resource Files">
      <UniqueIdentifier>{67DA6AB6-F800-4c08-8B7A-83BB121AAD01}</UniqueIdentifier>
      <Extensions>rc;ico;cur;bmp;dlg;rc2;rct;bin;rgs;gif;jpg;jpeg;jpe;resx;tiff;tif;png;wav;mfcribbon-ms</Extensions>
    </Filter>
    <Filter Include="Backend">
      <UniqueIdentifier>{f9d40bc1-fffb-41b8-83c5-f68779364622}</UniqueIdentifier>
    </Filter>
    <Filter Include="GUI">
      <UniqueIdentifier>{8deb6892-5c44-4d15-a666-a310285ccd2c}</UniqueIdentifier>
    </Filter>
    <Filter Include="GUI\StatsWindow">
      <UniqueIdentifier>{d8451fc6-9992-4744-93a7-f3f8faf36c1b}</UniqueIdentifier>
    </Filter>
    <Filter Include="GUI\HomeWindow">
      <UniqueIdentifier>{4f75a7e5-d473-439f-abfd-5a56f8a71263}</UniqueIdentifier>
    </Filter>
    <Filter Include="GUI\MainWindow">
      <UniqueIdentifier>{2dedf40b-ba1c-44c5-b60c-a3068a41274f}</UniqueIdentifier>
    </Filter>
    <Filter Include="GUI\TestViewerWindow">
      <UniqueIdentifier>{9faab5ea-cd92-47d9-a564-5864522511d5}</UniqueIdentifier>
    </Filter>
    <Filter Include="GUI\QuickGradeWindow">
      <UniqueIdentifier>{419a734f-8eae-4952-897c-5301521196d2}</UniqueIdentifier>
    </Filter>
    <Filter Include="Backend\Header Files">
      <UniqueIdentifier>{93995380-89BD-4b04-88EB-625FBE52EBFB}</UniqueIdentifier>
      <Extensions>h;hpp;hxx;hm;inl;inc;xsd</Extensions>
    </Filter>
    <Filter Include="Backend\Source Files">
      <UniqueIdentifier>{4FC737F1-C7A5-4376-A066-2A32D752A2FF}</UniqueIdentifier>
      <Extensions>cpp;c;cc;cxx;def;odl;idl;hpj;bat;asm;asmx</Extensions>
    </Filter>
    <Filter Include="GUI\GSApp">
      <UniqueIdentifier>{66a2623c-7a08-489f-8311-dff25381bb53}</UniqueIdentifier>
    </Filter>
  </ItemGroup>
  <ItemGroup>
    <ClInclude Include="DBManager.h">
      <Filter>Backend\Header Files</Filter>
    </ClInclude>
    <ClInclude Include="ImageReadException.h">
      <Filter>Backend\Header Files</Filter>
    </ClInclude>
    <ClInclude Include="Grader.h">
      <Filter>Backend\Header Files</Filter>
    </ClInclude>
    <ClInclude Include="GradeSnapModel.h">
      <Filter>Backend\Header Files</Filter>
    </ClInclude>
    <ClInclude Include="ImageEvaluator.h">
      <Filter>Backend\Header Files</Filter>
    </ClInclude>
    <ClInclude Include="ImageManager.h">
      <Filter>Backend\Header Files</Filter>
    </ClInclude>
    <ClInclude Include="Statistics.h">
      <Filter>Backend\Header Files</Filter>
    </ClInclude>
    <ClInclude Include="MainFrame.h">
      <Filter>GUI\MainWindow</Filter>
    </ClInclude>
    <ClInclude Include="gui_panel_home.h">
      <Filter>GUI\HomeWindow</Filter>
    </ClInclude>
    <ClInclude Include="GradeSnapApp.h">
      <Filter>GUI\GSApp</Filter>
    </ClInclude>
    <ClInclude Include="gui_panel_grade.h">
      <Filter>GUI\QuickGradeWindow</Filter>
    </ClInclude>
    <ClInclude Include="gui_panel_viewer.h">
      <Filter>GUI\TestViewerWindow</Filter>
    </ClInclude>
    <ClInclude Include="gui_panel_stats.h">
      <Filter>GUI\StatsWindow</Filter>
    </ClInclude>
    <ClInclude Include="DBOutOfBoundsException.h">
      <Filter>Backend\Header Files</Filter>
    </ClInclude>
    <ClInclude Include="Helper.h">
      <Filter>Backend\Header Files</Filter>
    </ClInclude>
  </ItemGroup>
  <ItemGroup>
    <ClCompile Include="DBManager.cpp">
      <Filter>Backend\Source Files</Filter>
    </ClCompile>
    <ClCompile Include="Grader.cpp">
      <Filter>Backend\Source Files</Filter>
    </ClCompile>
    <ClCompile Include="GradeSnapModel.cpp">
      <Filter>Backend\Source Files</Filter>
    </ClCompile>
    <ClCompile Include="ImageEvaluator.cpp">
      <Filter>Backend\Source Files</Filter>
    </ClCompile>
    <ClCompile Include="ImageManager.cpp">
      <Filter>Backend\Source Files</Filter>
    </ClCompile>
    <ClCompile Include="Statistics.cpp">
      <Filter>Backend\Source Files</Filter>
    </ClCompile>
    <ClCompile Include="MainFrame.cpp">
      <Filter>GUI\MainWindow</Filter>
    </ClCompile>
    <ClCompile Include="gui_panel_home.cpp">
      <Filter>GUI\HomeWindow</Filter>
    </ClCompile>
    <ClCompile Include="GradeSnapApp.cpp">
      <Filter>GUI\GSApp</Filter>
    </ClCompile>
    <ClCompile Include="gui_panel_grade.cpp">
      <Filter>GUI\QuickGradeWindow</Filter>
    </ClCompile>
    <ClCompile Include="gui_panel_viewer.cpp">
      <Filter>GUI\TestViewerWindow</Filter>
    </ClCompile>
    <ClCompile Include="gui_panel_stats.cpp">
      <Filter>GUI\StatsWindow</Filter>
    </ClCompile>
    <ClCompile Include="Helper.cpp">
      <Filter>Backend\Source Files</Filter>
    </ClCompile>
  </ItemGroup>
</Project>